# This file is automatically @generated by Cargo.
# It is not intended for manual editing.
version = 3

[[package]]
name = "stable-matching-instances"
version = "0.1.0"
dependencies = [
 "stable_matching",
]

[[package]]
name = "stable_matching"
version = "0.1.0"
source = "registry+https://github.com/rust-lang/crates.io-index"
checksum = "44a8c3e03a0ee0dbf51e6d8ef71e1a8e14c9517c02d44681a410930712615c81"
